
Microsoft Visual Studio Solution File, Format Version 12.00
# Visual Studio Version 17
VisualStudioVersion = 17.5.33627.172
MinimumVisualStudioVersion = 10.0.40219.1
Project("{9A19103F-16F7-4668-BE54-9A1E7A4F7556}") = "MineralThicknessMS", "MineralThicknessMS\MineralThicknessMS.csproj", "{E77770DE-7B0B-41ED-AA26-7D5E523E01AE}"
EndProject
Global
	GlobalSection(SolutionConfigurationPlatforms) = preSolution
		Debug|Any CPU = Debug|Any CPU
		Release|Any CPU = Release|Any CPU
	EndGlobalSection
	GlobalSection(ProjectConfigurationPlatforms) = postSolution
		{E77770DE-7B0B-41ED-AA26-7D5E523E01AE}.Debug|Any CPU.ActiveCfg = Debug|Any CPU
		{E77770DE-7B0B-41ED-AA26-7D5E523E01AE}.Debug|Any CPU.Build.0 = Debug|Any CPU
		{E77770DE-7B0B-41ED-AA26-7D5E523E01AE}.Release|Any CPU.ActiveCfg = Release|Any CPU
		{E77770DE-7B0B-41ED-AA26-7D5E523E01AE}.Release|Any CPU.Build.0 = Release|Any CPU
	EndGlobalSection
	GlobalSection(SolutionProperties) = preSolution
		HideSolutionNode = FALSE
	EndGlobalSection
	GlobalSection(ExtensibilityGlobals) = postSolution
		SolutionGuid = {4A145483-E16C-4C22-B063-24D5B5DA4EB9}
	EndGlobalSection
EndGlobal
